
Microsoft Visual Studio Solution File, Format Version 12.00
# Visual Studio Version 17
VisualStudioVersion = 17.5.001.0
MinimumVisualStudioVersion = 10.0.40219.1
Project("{9A19103F-16F7-4668-BE54-9A1E7A4F7556}") = "task1", "task1.csproj", "{11196F55-D0D8-4166-9785-0B3132B22627}"
EndProject
Global
	GlobalSection(SolutionConfigurationPlatforms) = preSolution
		Debug|Any CPU = Debug|Any CPU
		Release|Any CPU = Release|Any CPU
	EndGlobalSection
	GlobalSection(ProjectConfigurationPlatforms) = postSolution
		{11196F55-D0D8-4166-9785-0B3132B22627}.Debug|Any CPU.ActiveCfg = Debug|Any CPU
		{11196F55-D0D8-4166-9785-0B3132B22627}.Debug|Any CPU.Build.0 = Debug|Any CPU
		{11196F55-D0D8-4166-9785-0B3132B22627}.Release|Any CPU.ActiveCfg = Release|Any CPU
		{11196F55-D0D8-4166-9785-0B3132B22627}.Release|Any CPU.Build.0 = Release|Any CPU
	EndGlobalSection
	GlobalSection(SolutionProperties) = preSolution
		HideSolutionNode = FALSE
	EndGlobalSection
	GlobalSection(ExtensibilityGlobals) = postSolution
		SolutionGuid = {F320FD0B-B3E0-4612-B32A-CC20C3228B42}
	EndGlobalSection
EndGlobal
